// !$*UTF8*$!
{
	archiveVersion = 1;
	classes = {
	};
	objectVersion = 56;
	objects = {

/* Begin PBXBuildFile section */
		806A5449292294F00028A36E /* gorbApp.swift in Sources */ = {isa = PBXBuildFile; fileRef = 806A5448292294F00028A36E /* gorbApp.swift */; };
		806A544B292294F00028A36E /* VideosProvider.swift in Sources */ = {isa = PBXBuildFile; fileRef = 806A544A292294F00028A36E /* VideosProvider.swift */; };
		806A544E292294F00028A36E /* gorb.xcdatamodeld in Sources */ = {isa = PBXBuildFile; fileRef = 806A544C292294F00028A36E /* gorb.xcdatamodeld */; };
		806A5450292294F00028A36E /* ContentView.swift in Sources */ = {isa = PBXBuildFile; fileRef = 806A544F292294F00028A36E /* ContentView.swift */; };
		806A5452292294F10028A36E /* Assets.xcassets in Resources */ = {isa = PBXBuildFile; fileRef = 806A5451292294F10028A36E /* Assets.xcassets */; };
		806A5456292294F10028A36E /* Preview Assets.xcassets in Resources */ = {isa = PBXBuildFile; fileRef = 806A5455292294F10028A36E /* Preview Assets.xcassets */; };
		806A5460292294F10028A36E /* gorbTests.swift in Sources */ = {isa = PBXBuildFile; fileRef = 806A545F292294F10028A36E /* gorbTests.swift */; };
		806A546A292294F10028A36E /* gorbUITests.swift in Sources */ = {isa = PBXBuildFile; fileRef = 806A5469292294F10028A36E /* gorbUITests.swift */; };
		806A546C292294F10028A36E /* gorbUITestsLaunchTests.swift in Sources */ = {isa = PBXBuildFile; fileRef = 806A546B292294F10028A36E /* gorbUITestsLaunchTests.swift */; };
		806A547A29229CC60028A36E /* Video.swift in Sources */ = {isa = PBXBuildFile; fileRef = 806A547929229CC60028A36E /* Video.swift */; };
		806A547B29229CC60028A36E /* Video.swift in Sources */ = {isa = PBXBuildFile; fileRef = 806A547929229CC60028A36E /* Video.swift */; };
		806A547C29229CC60028A36E /* Video.swift in Sources */ = {isa = PBXBuildFile; fileRef = 806A547929229CC60028A36E /* Video.swift */; };
		806A547F29229D240028A36E /* CocoaLumberjack in Frameworks */ = {isa = PBXBuildFile; productRef = 806A547E29229D240028A36E /* CocoaLumberjack */; };
		806A548129229D240028A36E /* CocoaLumberjackSwift in Frameworks */ = {isa = PBXBuildFile; productRef = 806A548029229D240028A36E /* CocoaLumberjackSwift */; };
		806A548329229D240028A36E /* CocoaLumberjackSwiftLogBackend in Frameworks */ = {isa = PBXBuildFile; productRef = 806A548229229D240028A36E /* CocoaLumberjackSwiftLogBackend */; };
		806A549B2923EE0F0028A36E /* ContentView.swift in Sources */ = {isa = PBXBuildFile; fileRef = 806A544F292294F00028A36E /* ContentView.swift */; };
		806A549C2923EE0F0028A36E /* ContentView.swift in Sources */ = {isa = PBXBuildFile; fileRef = 806A544F292294F00028A36E /* ContentView.swift */; };
		806A549F2923F0570028A36E /* YouTubeiOSPlayerHelper in Frameworks */ = {isa = PBXBuildFile; productRef = 806A549E2923F0570028A36E /* YouTubeiOSPlayerHelper */; };
		806A54A12923F06D0028A36E /* YTWrapper.swift in Sources */ = {isa = PBXBuildFile; fileRef = 806A54A02923F06D0028A36E /* YTWrapper.swift */; };
		806A54A22923F06D0028A36E /* YTWrapper.swift in Sources */ = {isa = PBXBuildFile; fileRef = 806A54A02923F06D0028A36E /* YTWrapper.swift */; };
		806A54A32923F06D0028A36E /* YTWrapper.swift in Sources */ = {isa = PBXBuildFile; fileRef = 806A54A02923F06D0028A36E /* YTWrapper.swift */; };
		806A54A5292406080028A36E /* VideoCell.swift in Sources */ = {isa = PBXBuildFile; fileRef = 806A54A4292406080028A36E /* VideoCell.swift */; };
		806A54A6292406080028A36E /* VideoCell.swift in Sources */ = {isa = PBXBuildFile; fileRef = 806A54A4292406080028A36E /* VideoCell.swift */; };
		806A54A7292406080028A36E /* VideoCell.swift in Sources */ = {isa = PBXBuildFile; fileRef = 806A54A4292406080028A36E /* VideoCell.swift */; };
		806A54AE29256F830028A36E /* VideoViewModel.swift in Sources */ = {isa = PBXBuildFile; fileRef = 806A54AD29256F830028A36E /* VideoViewModel.swift */; };
		806A54AF29256F830028A36E /* VideoViewModel.swift in Sources */ = {isa = PBXBuildFile; fileRef = 806A54AD29256F830028A36E /* VideoViewModel.swift */; };
		806A54B029256F830028A36E /* VideoViewModel.swift in Sources */ = {isa = PBXBuildFile; fileRef = 806A54AD29256F830028A36E /* VideoViewModel.swift */; };
		806A54B629281AE90028A36E /* CustomLogDDFormatter.swift in Sources */ = {isa = PBXBuildFile; fileRef = 806A54B529281AE90028A36E /* CustomLogDDFormatter.swift */; };
		806A54B729281AE90028A36E /* CustomLogDDFormatter.swift in Sources */ = {isa = PBXBuildFile; fileRef = 806A54B529281AE90028A36E /* CustomLogDDFormatter.swift */; };
		806A54B829281AE90028A36E /* CustomLogDDFormatter.swift in Sources */ = {isa = PBXBuildFile; fileRef = 806A54B529281AE90028A36E /* CustomLogDDFormatter.swift */; };
		80750C0D293D2EE50079E8D1 /* SubredditPicker.swift in Sources */ = {isa = PBXBuildFile; fileRef = 80750C0C293D2EE50079E8D1 /* SubredditPicker.swift */; };
		8093BFD02932C48400146F19 /* UserSettings.swift in Sources */ = {isa = PBXBuildFile; fileRef = 8093BFCF2932C48400146F19 /* UserSettings.swift */; };
		8093BFD2293393EF00146F19 /* SettingsView.swift in Sources */ = {isa = PBXBuildFile; fileRef = 8093BFD1293393EF00146F19 /* SettingsView.swift */; };
/* End PBXBuildFile section */

/* Begin PBXContainerItemProxy section */
		806A545C292294F10028A36E /* PBXContainerItemProxy */ = {
			isa = PBXContainerItemProxy;
			containerPortal = 806A543D292294F00028A36E /* Project object */;
			proxyType = 1;
			remoteGlobalIDString = 806A5444292294F00028A36E;
			remoteInfo = gorb;
		};
		806A5466292294F10028A36E /* PBXContainerItemProxy */ = {
			isa = PBXContainerItemProxy;
			containerPortal = 806A543D292294F00028A36E /* Project object */;
			proxyType = 1;
			remoteGlobalIDString = 806A5444292294F00028A36E;
			remoteInfo = gorb;
		};
/* End PBXContainerItemProxy section */

/* Begin PBXFileReference section */
		806A5445292294F00028A36E /* gorb.app */ = {isa = PBXFileReference; explicitFileType = wrapper.application; includeInIndex = 0; path = gorb.app; sourceTree = BUILT_PRODUCTS_DIR; };
		806A5448292294F00028A36E /* gorbApp.swift */ = {isa = PBXFileReference; lastKnownFileType = sourcecode.swift; path = gorbApp.swift; sourceTree = "<group>"; };
		806A544A292294F00028A36E /* VideosProvider.swift */ = {isa = PBXFileReference; lastKnownFileType = sourcecode.swift; path = VideosProvider.swift; sourceTree = "<group>"; };
		806A544D292294F00028A36E /* gorb.xcdatamodel */ = {isa = PBXFileReference; lastKnownFileType = wrapper.xcdatamodel; path = gorb.xcdatamodel; sourceTree = "<group>"; };
		806A544F292294F00028A36E /* ContentView.swift */ = {isa = PBXFileReference; lastKnownFileType = sourcecode.swift; path = ContentView.swift; sourceTree = "<group>"; };
		806A5451292294F10028A36E /* Assets.xcassets */ = {isa = PBXFileReference; lastKnownFileType = folder.assetcatalog; path = Assets.xcassets; sourceTree = "<group>"; };
		806A5453292294F10028A36E /* gorb.entitlements */ = {isa = PBXFileReference; lastKnownFileType = text.plist.entitlements; path = gorb.entitlements; sourceTree = "<group>"; };
		806A5455292294F10028A36E /* Preview Assets.xcassets */ = {isa = PBXFileReference; lastKnownFileType = folder.assetcatalog; path = "Preview Assets.xcassets"; sourceTree = "<group>"; };
		806A545B292294F10028A36E /* gorbTests.xctest */ = {isa = PBXFileReference; explicitFileType = wrapper.cfbundle; includeInIndex = 0; path = gorbTests.xctest; sourceTree = BUILT_PRODUCTS_DIR; };
		806A545F292294F10028A36E /* gorbTests.swift */ = {isa = PBXFileReference; lastKnownFileType = sourcecode.swift; path = gorbTests.swift; sourceTree = "<group>"; };
		806A5465292294F10028A36E /* gorbUITests.xctest */ = {isa = PBXFileReference; explicitFileType = wrapper.cfbundle; includeInIndex = 0; path = gorbUITests.xctest; sourceTree = BUILT_PRODUCTS_DIR; };
		806A5469292294F10028A36E /* gorbUITests.swift */ = {isa = PBXFileReference; lastKnownFileType = sourcecode.swift; path = gorbUITests.swift; sourceTree = "<group>"; };
		806A546B292294F10028A36E /* gorbUITestsLaunchTests.swift */ = {isa = PBXFileReference; lastKnownFileType = sourcecode.swift; path = gorbUITestsLaunchTests.swift; sourceTree = "<group>"; };
		806A547929229CC60028A36E /* Video.swift */ = {isa = PBXFileReference; lastKnownFileType = sourcecode.swift; path = Video.swift; sourceTree = "<group>"; };
		806A54A02923F06D0028A36E /* YTWrapper.swift */ = {isa = PBXFileReference; lastKnownFileType = sourcecode.swift; path = YTWrapper.swift; sourceTree = "<group>"; };
		806A54A4292406080028A36E /* VideoCell.swift */ = {isa = PBXFileReference; lastKnownFileType = sourcecode.swift; path = VideoCell.swift; sourceTree = "<group>"; };
		806A54AD29256F830028A36E /* VideoViewModel.swift */ = {isa = PBXFileReference; lastKnownFileType = sourcecode.swift; path = VideoViewModel.swift; sourceTree = "<group>"; };
		806A54B529281AE90028A36E /* CustomLogDDFormatter.swift */ = {isa = PBXFileReference; lastKnownFileType = sourcecode.swift; path = CustomLogDDFormatter.swift; sourceTree = "<group>"; };
		80750C0C293D2EE50079E8D1 /* SubredditPicker.swift */ = {isa = PBXFileReference; lastKnownFileType = sourcecode.swift; path = SubredditPicker.swift; sourceTree = "<group>"; };
		8093BFCF2932C48400146F19 /* UserSettings.swift */ = {isa = PBXFileReference; lastKnownFileType = sourcecode.swift; path = UserSettings.swift; sourceTree = "<group>"; };
		8093BFD1293393EF00146F19 /* SettingsView.swift */ = {isa = PBXFileReference; lastKnownFileType = sourcecode.swift; path = SettingsView.swift; sourceTree = "<group>"; };
/* End PBXFileReference section */

/* Begin PBXFrameworksBuildPhase section */
		806A5442292294F00028A36E /* Frameworks */ = {
			isa = PBXFrameworksBuildPhase;
			buildActionMask = 2147483647;
			files = (
				806A548129229D240028A36E /* CocoaLumberjackSwift in Frameworks */,
				806A548329229D240028A36E /* CocoaLumberjackSwiftLogBackend in Frameworks */,
				806A547F29229D240028A36E /* CocoaLumberjack in Frameworks */,
				806A549F2923F0570028A36E /* YouTubeiOSPlayerHelper in Frameworks */,
			);
			runOnlyForDeploymentPostprocessing = 0;
		};
		806A5458292294F10028A36E /* Frameworks */ = {
			isa = PBXFrameworksBuildPhase;
			buildActionMask = 2147483647;
			files = (
			);
			runOnlyForDeploymentPostprocessing = 0;
		};
		806A5462292294F10028A36E /* Frameworks */ = {
			isa = PBXFrameworksBuildPhase;
			buildActionMask = 2147483647;
			files = (
			);
			runOnlyForDeploymentPostprocessing = 0;
		};
/* End PBXFrameworksBuildPhase section */

/* Begin PBXGroup section */
		806A543C292294F00028A36E = {
			isa = PBXGroup;
			children = (
				806A5447292294F00028A36E /* gorb */,
				806A545E292294F10028A36E /* gorbTests */,
				806A5468292294F10028A36E /* gorbUITests */,
				806A5446292294F00028A36E /* Products */,
			);
			sourceTree = "<group>";
		};
		806A5446292294F00028A36E /* Products */ = {
			isa = PBXGroup;
			children = (
				806A5445292294F00028A36E /* gorb.app */,
				806A545B292294F10028A36E /* gorbTests.xctest */,
				806A5465292294F10028A36E /* gorbUITests.xctest */,
			);
			name = Products;
			sourceTree = "<group>";
		};
		806A5447292294F00028A36E /* gorb */ = {
			isa = PBXGroup;
			children = (
				806A54AC29256F710028A36E /* ViewModels */,
				806A549A2923EE010028A36E /* Views */,
				806A547829229CA80028A36E /* Models */,
				806A5448292294F00028A36E /* gorbApp.swift */,
				806A544A292294F00028A36E /* VideosProvider.swift */,
				806A5451292294F10028A36E /* Assets.xcassets */,
				806A5453292294F10028A36E /* gorb.entitlements */,
				806A544C292294F00028A36E /* gorb.xcdatamodeld */,
				806A5454292294F10028A36E /* Preview Content */,
				806A54B529281AE90028A36E /* CustomLogDDFormatter.swift */,
				8093BFCF2932C48400146F19 /* UserSettings.swift */,
			);
			path = gorb;
			sourceTree = "<group>";
		};
		806A5454292294F10028A36E /* Preview Content */ = {
			isa = PBXGroup;
			children = (
				806A5455292294F10028A36E /* Preview Assets.xcassets */,
			);
			path = "Preview Content";
			sourceTree = "<group>";
		};
		806A545E292294F10028A36E /* gorbTests */ = {
			isa = PBXGroup;
			children = (
				806A545F292294F10028A36E /* gorbTests.swift */,
			);
			path = gorbTests;
			sourceTree = "<group>";
		};
		806A5468292294F10028A36E /* gorbUITests */ = {
			isa = PBXGroup;
			children = (
				806A5469292294F10028A36E /* gorbUITests.swift */,
				806A546B292294F10028A36E /* gorbUITestsLaunchTests.swift */,
			);
			path = gorbUITests;
			sourceTree = "<group>";
		};
		806A547829229CA80028A36E /* Models */ = {
			isa = PBXGroup;
			children = (
				806A547929229CC60028A36E /* Video.swift */,
			);
			path = Models;
			sourceTree = "<group>";
		};
		806A549A2923EE010028A36E /* Views */ = {
			isa = PBXGroup;
			children = (
				806A544F292294F00028A36E /* ContentView.swift */,
				806A54A02923F06D0028A36E /* YTWrapper.swift */,
				806A54A4292406080028A36E /* VideoCell.swift */,
				8093BFD1293393EF00146F19 /* SettingsView.swift */,
				80750C0C293D2EE50079E8D1 /* SubredditPicker.swift */,
			);
			path = Views;
			sourceTree = "<group>";
		};
		806A54AC29256F710028A36E /* ViewModels */ = {
			isa = PBXGroup;
			children = (
				806A54AD29256F830028A36E /* VideoViewModel.swift */,
			);
			path = ViewModels;
			sourceTree = "<group>";
		};
/* End PBXGroup section */

/* Begin PBXNativeTarget section */
		806A5444292294F00028A36E /* gorb */ = {
			isa = PBXNativeTarget;
			buildConfigurationList = 806A546F292294F10028A36E /* Build configuration list for PBXNativeTarget "gorb" */;
			buildPhases = (
				806A5441292294F00028A36E /* Sources */,
				806A5442292294F00028A36E /* Frameworks */,
				806A5443292294F00028A36E /* Resources */,
			);
			buildRules = (
			);
			dependencies = (
			);
			name = gorb;
			packageProductDependencies = (
				806A547E29229D240028A36E /* CocoaLumberjack */,
				806A548029229D240028A36E /* CocoaLumberjackSwift */,
				806A548229229D240028A36E /* CocoaLumberjackSwiftLogBackend */,
				806A549E2923F0570028A36E /* YouTubeiOSPlayerHelper */,
			);
			productName = gorb;
			productReference = 806A5445292294F00028A36E /* gorb.app */;
			productType = "com.apple.product-type.application";
		};
		806A545A292294F10028A36E /* gorbTests */ = {
			isa = PBXNativeTarget;
			buildConfigurationList = 806A5472292294F10028A36E /* Build configuration list for PBXNativeTarget "gorbTests" */;
			buildPhases = (
				806A5457292294F10028A36E /* Sources */,
				806A5458292294F10028A36E /* Frameworks */,
				806A5459292294F10028A36E /* Resources */,
			);
			buildRules = (
			);
			dependencies = (
				806A545D292294F10028A36E /* PBXTargetDependency */,
			);
			name = gorbTests;
			productName = gorbTests;
			productReference = 806A545B292294F10028A36E /* gorbTests.xctest */;
			productType = "com.apple.product-type.bundle.unit-test";
		};
		806A5464292294F10028A36E /* gorbUITests */ = {
			isa = PBXNativeTarget;
			buildConfigurationList = 806A5475292294F10028A36E /* Build configuration list for PBXNativeTarget "gorbUITests" */;
			buildPhases = (
				806A5461292294F10028A36E /* Sources */,
				806A5462292294F10028A36E /* Frameworks */,
				806A5463292294F10028A36E /* Resources */,
			);
			buildRules = (
			);
			dependencies = (
				806A5467292294F10028A36E /* PBXTargetDependency */,
			);
			name = gorbUITests;
			productName = gorbUITests;
			productReference = 806A5465292294F10028A36E /* gorbUITests.xctest */;
			productType = "com.apple.product-type.bundle.ui-testing";
		};
/* End PBXNativeTarget section */

/* Begin PBXProject section */
		806A543D292294F00028A36E /* Project object */ = {
			isa = PBXProject;
			attributes = {
				BuildIndependentTargetsInParallel = 1;
				LastSwiftUpdateCheck = 1410;
				LastUpgradeCheck = 1410;
				TargetAttributes = {
					806A5444292294F00028A36E = {
						CreatedOnToolsVersion = 14.1;
					};
					806A545A292294F10028A36E = {
						CreatedOnToolsVersion = 14.1;
						TestTargetID = 806A5444292294F00028A36E;
					};
					806A5464292294F10028A36E = {
						CreatedOnToolsVersion = 14.1;
						TestTargetID = 806A5444292294F00028A36E;
					};
				};
			};
			buildConfigurationList = 806A5440292294F00028A36E /* Build configuration list for PBXProject "gorb" */;
			compatibilityVersion = "Xcode 14.0";
			developmentRegion = en;
			hasScannedForEncodings = 0;
			knownRegions = (
				en,
				Base,
			);
			mainGroup = 806A543C292294F00028A36E;
			packageReferences = (
				806A547D29229D240028A36E /* XCRemoteSwiftPackageReference "CocoaLumberjack" */,
				806A549D2923F0570028A36E /* XCRemoteSwiftPackageReference "youtube-ios-player-helper" */,
			);
			productRefGroup = 806A5446292294F00028A36E /* Products */;
			projectDirPath = "";
			projectRoot = "";
			targets = (
				806A5444292294F00028A36E /* gorb */,
				806A545A292294F10028A36E /* gorbTests */,
				806A5464292294F10028A36E /* gorbUITests */,
			);
		};
/* End PBXProject section */

/* Begin PBXResourcesBuildPhase section */
		806A5443292294F00028A36E /* Resources */ = {
			isa = PBXResourcesBuildPhase;
			buildActionMask = 2147483647;
			files = (
				806A5456292294F10028A36E /* Preview Assets.xcassets in Resources */,
				806A5452292294F10028A36E /* Assets.xcassets in Resources */,
			);
			runOnlyForDeploymentPostprocessing = 0;
		};
		806A5459292294F10028A36E /* Resources */ = {
			isa = PBXResourcesBuildPhase;
			buildActionMask = 2147483647;
			files = (
			);
			runOnlyForDeploymentPostprocessing = 0;
		};
		806A5463292294F10028A36E /* Resources */ = {
			isa = PBXResourcesBuildPhase;
			buildActionMask = 2147483647;
			files = (
			);
			runOnlyForDeploymentPostprocessing = 0;
		};
/* End PBXResourcesBuildPhase section */

/* Begin PBXSourcesBuildPhase section */
		806A5441292294F00028A36E /* Sources */ = {
			isa = PBXSourcesBuildPhase;
			buildActionMask = 2147483647;
			files = (
				806A54A12923F06D0028A36E /* YTWrapper.swift in Sources */,
				806A54AE29256F830028A36E /* VideoViewModel.swift in Sources */,
				80750C0D293D2EE50079E8D1 /* SubredditPicker.swift in Sources */,
				806A54A5292406080028A36E /* VideoCell.swift in Sources */,
				806A544E292294F00028A36E /* gorb.xcdatamodeld in Sources */,
				806A54B629281AE90028A36E /* CustomLogDDFormatter.swift in Sources */,
				806A5449292294F00028A36E /* gorbApp.swift in Sources */,
				806A5450292294F00028A36E /* ContentView.swift in Sources */,
				8093BFD02932C48400146F19 /* UserSettings.swift in Sources */,
				8093BFD2293393EF00146F19 /* SettingsView.swift in Sources */,
				806A544B292294F00028A36E /* VideosProvider.swift in Sources */,
				806A547A29229CC60028A36E /* Video.swift in Sources */,
			);
			runOnlyForDeploymentPostprocessing = 0;
		};
		806A5457292294F10028A36E /* Sources */ = {
			isa = PBXSourcesBuildPhase;
			buildActionMask = 2147483647;
			files = (
				806A54A6292406080028A36E /* VideoCell.swift in Sources */,
				806A54A22923F06D0028A36E /* YTWrapper.swift in Sources */,
				806A5460292294F10028A36E /* gorbTests.swift in Sources */,
				806A54AF29256F830028A36E /* VideoViewModel.swift in Sources */,
				806A547B29229CC60028A36E /* Video.swift in Sources */,
				806A54B729281AE90028A36E /* CustomLogDDFormatter.swift in Sources */,
				806A549C2923EE0F0028A36E /* ContentView.swift in Sources */,
			);
			runOnlyForDeploymentPostprocessing = 0;
		};
		806A5461292294F10028A36E /* Sources */ = {
			isa = PBXSourcesBuildPhase;
			buildActionMask = 2147483647;
			files = (
				806A546C292294F10028A36E /* gorbUITestsLaunchTests.swift in Sources */,
				806A54B829281AE90028A36E /* CustomLogDDFormatter.swift in Sources */,
				806A547C29229CC60028A36E /* Video.swift in Sources */,
				806A54B029256F830028A36E /* VideoViewModel.swift in Sources */,
				806A54A32923F06D0028A36E /* YTWrapper.swift in Sources */,
				806A549B2923EE0F0028A36E /* ContentView.swift in Sources */,
				806A546A292294F10028A36E /* gorbUITests.swift in Sources */,
				806A54A7292406080028A36E /* VideoCell.swift in Sources */,
			);
			runOnlyForDeploymentPostprocessing = 0;
		};
/* End PBXSourcesBuildPhase section */

/* Begin PBXTargetDependency section */
		806A545D292294F10028A36E /* PBXTargetDependency */ = {
			isa = PBXTargetDependency;
			target = 806A5444292294F00028A36E /* gorb */;
			targetProxy = 806A545C292294F10028A36E /* PBXContainerItemProxy */;
		};
		806A5467292294F10028A36E /* PBXTargetDependency */ = {
			isa = PBXTargetDependency;
			target = 806A5444292294F00028A36E /* gorb */;
			targetProxy = 806A5466292294F10028A36E /* PBXContainerItemProxy */;
		};
/* End PBXTargetDependency section */

/* Begin XCBuildConfiguration section */
		806A546D292294F10028A36E /* Debug */ = {
			isa = XCBuildConfiguration;
			buildSettings = {
				ALWAYS_SEARCH_USER_PATHS = NO;
				CLANG_ANALYZER_NONNULL = YES;
				CLANG_ANALYZER_NUMBER_OBJECT_CONVERSION = YES_AGGRESSIVE;
				CLANG_CXX_LANGUAGE_STANDARD = "gnu++20";
				CLANG_ENABLE_MODULES = YES;
				CLANG_ENABLE_OBJC_ARC = YES;
				CLANG_ENABLE_OBJC_WEAK = YES;
				CLANG_WARN_BLOCK_CAPTURE_AUTORELEASING = YES;
				CLANG_WARN_BOOL_CONVERSION = YES;
				CLANG_WARN_COMMA = YES;
				CLANG_WARN_CONSTANT_CONVERSION = YES;
				CLANG_WARN_DEPRECATED_OBJC_IMPLEMENTATIONS = YES;
				CLANG_WARN_DIRECT_OBJC_ISA_USAGE = YES_ERROR;
				CLANG_WARN_DOCUMENTATION_COMMENTS = YES;
				CLANG_WARN_EMPTY_BODY = YES;
				CLANG_WARN_ENUM_CONVERSION = YES;
				CLANG_WARN_INFINITE_RECURSION = YES;
				CLANG_WARN_INT_CONVERSION = YES;
				CLANG_WARN_NON_LITERAL_NULL_CONVERSION = YES;
				CLANG_WARN_OBJC_IMPLICIT_RETAIN_SELF = YES;
				CLANG_WARN_OBJC_LITERAL_CONVERSION = YES;
				CLANG_WARN_OBJC_ROOT_CLASS = YES_ERROR;
				CLANG_WARN_QUOTED_INCLUDE_IN_FRAMEWORK_HEADER = YES;
				CLANG_WARN_RANGE_LOOP_ANALYSIS = YES;
				CLANG_WARN_STRICT_PROTOTYPES = YES;
				CLANG_WARN_SUSPICIOUS_MOVE = YES;
				CLANG_WARN_UNGUARDED_AVAILABILITY = YES_AGGRESSIVE;
				CLANG_WARN_UNREACHABLE_CODE = YES;
				CLANG_WARN__DUPLICATE_METHOD_MATCH = YES;
				COPY_PHASE_STRIP = NO;
				DEBUG_INFORMATION_FORMAT = dwarf;
				ENABLE_STRICT_OBJC_MSGSEND = YES;
				ENABLE_TESTABILITY = YES;
				GCC_C_LANGUAGE_STANDARD = gnu11;
				GCC_DYNAMIC_NO_PIC = NO;
				GCC_NO_COMMON_BLOCKS = YES;
				GCC_OPTIMIZATION_LEVEL = 0;
				GCC_PREPROCESSOR_DEFINITIONS = (
					"DEBUG=1",
					"$(inherited)",
				);
				GCC_WARN_64_TO_32_BIT_CONVERSION = YES;
				GCC_WARN_ABOUT_RETURN_TYPE = YES_ERROR;
				GCC_WARN_UNDECLARED_SELECTOR = YES;
				GCC_WARN_UNINITIALIZED_AUTOS = YES_AGGRESSIVE;
				GCC_WARN_UNUSED_FUNCTION = YES;
				GCC_WARN_UNUSED_VARIABLE = YES;
				MTL_ENABLE_DEBUG_INFO = INCLUDE_SOURCE;
				MTL_FAST_MATH = YES;
				ONLY_ACTIVE_ARCH = YES;
				SWIFT_ACTIVE_COMPILATION_CONDITIONS = DEBUG;
				SWIFT_OPTIMIZATION_LEVEL = "-Onone";
			};
			name = Debug;
		};
		806A546E292294F10028A36E /* Release */ = {
			isa = XCBuildConfiguration;
			buildSettings = {
				ALWAYS_SEARCH_USER_PATHS = NO;
				CLANG_ANALYZER_NONNULL = YES;
				CLANG_ANALYZER_NUMBER_OBJECT_CONVERSION = YES_AGGRESSIVE;
				CLANG_CXX_LANGUAGE_STANDARD = "gnu++20";
				CLANG_ENABLE_MODULES = YES;
				CLANG_ENABLE_OBJC_ARC = YES;
				CLANG_ENABLE_OBJC_WEAK = YES;
				CLANG_WARN_BLOCK_CAPTURE_AUTORELEASING = YES;
				CLANG_WARN_BOOL_CONVERSION = YES;
				CLANG_WARN_COMMA = YES;
				CLANG_WARN_CONSTANT_CONVERSION = YES;
				CLANG_WARN_DEPRECATED_OBJC_IMPLEMENTATIONS = YES;
				CLANG_WARN_DIRECT_OBJC_ISA_USAGE = YES_ERROR;
				CLANG_WARN_DOCUMENTATION_COMMENTS = YES;
				CLANG_WARN_EMPTY_BODY = YES;
				CLANG_WARN_ENUM_CONVERSION = YES;
				CLANG_WARN_INFINITE_RECURSION = YES;
				CLANG_WARN_INT_CONVERSION = YES;
				CLANG_WARN_NON_LITERAL_NULL_CONVERSION = YES;
				CLANG_WARN_OBJC_IMPLICIT_RETAIN_SELF = YES;
				CLANG_WARN_OBJC_LITERAL_CONVERSION = YES;
				CLANG_WARN_OBJC_ROOT_CLASS = YES_ERROR;
				CLANG_WARN_QUOTED_INCLUDE_IN_FRAMEWORK_HEADER = YES;
				CLANG_WARN_RANGE_LOOP_ANALYSIS = YES;
				CLANG_WARN_STRICT_PROTOTYPES = YES;
				CLANG_WARN_SUSPICIOUS_MOVE = YES;
				CLANG_WARN_UNGUARDED_AVAILABILITY = YES_AGGRESSIVE;
				CLANG_WARN_UNREACHABLE_CODE = YES;
				CLANG_WARN__DUPLICATE_METHOD_MATCH = YES;
				COPY_PHASE_STRIP = NO;
				DEBUG_INFORMATION_FORMAT = "dwarf-with-dsym";
				ENABLE_NS_ASSERTIONS = NO;
				ENABLE_STRICT_OBJC_MSGSEND = YES;
				GCC_C_LANGUAGE_STANDARD = gnu11;
				GCC_NO_COMMON_BLOCKS = YES;
				GCC_WARN_64_TO_32_BIT_CONVERSION = YES;
				GCC_WARN_ABOUT_RETURN_TYPE = YES_ERROR;
				GCC_WARN_UNDECLARED_SELECTOR = YES;
				GCC_WARN_UNINITIALIZED_AUTOS = YES_AGGRESSIVE;
				GCC_WARN_UNUSED_FUNCTION = YES;
				GCC_WARN_UNUSED_VARIABLE = YES;
				MTL_ENABLE_DEBUG_INFO = NO;
				MTL_FAST_MATH = YES;
				SWIFT_COMPILATION_MODE = wholemodule;
				SWIFT_OPTIMIZATION_LEVEL = "-O";
			};
			name = Release;
		};
		806A5470292294F10028A36E /* Debug */ = {
			isa = XCBuildConfiguration;
			buildSettings = {
				ASSETCATALOG_COMPILER_APPICON_NAME = AppIcon;
				ASSETCATALOG_COMPILER_GLOBAL_ACCENT_COLOR_NAME = AccentColor;
				CODE_SIGN_ENTITLEMENTS = gorb/gorb.entitlements;
				CODE_SIGN_STYLE = Automatic;
				CURRENT_PROJECT_VERSION = 1;
				DEVELOPMENT_ASSET_PATHS = "\"gorb/Preview Content\"";
				DEVELOPMENT_TEAM = 83PFD7WM4U;
				ENABLE_HARDENED_RUNTIME = YES;
				ENABLE_PREVIEWS = YES;
				GENERATE_INFOPLIST_FILE = YES;
				"INFOPLIST_KEY_UIApplicationSceneManifest_Generation[sdk=iphoneos*]" = YES;
				"INFOPLIST_KEY_UIApplicationSceneManifest_Generation[sdk=iphonesimulator*]" = YES;
				"INFOPLIST_KEY_UIApplicationSupportsIndirectInputEvents[sdk=iphoneos*]" = YES;
				"INFOPLIST_KEY_UIApplicationSupportsIndirectInputEvents[sdk=iphonesimulator*]" = YES;
				"INFOPLIST_KEY_UILaunchScreen_Generation[sdk=iphoneos*]" = YES;
				"INFOPLIST_KEY_UILaunchScreen_Generation[sdk=iphonesimulator*]" = YES;
				"INFOPLIST_KEY_UIStatusBarStyle[sdk=iphoneos*]" = UIStatusBarStyleDefault;
				"INFOPLIST_KEY_UIStatusBarStyle[sdk=iphonesimulator*]" = UIStatusBarStyleDefault;
				INFOPLIST_KEY_UISupportedInterfaceOrientations_iPad = "UIInterfaceOrientationPortrait UIInterfaceOrientationPortraitUpsideDown UIInterfaceOrientationLandscapeLeft UIInterfaceOrientationLandscapeRight";
				INFOPLIST_KEY_UISupportedInterfaceOrientations_iPhone = "UIInterfaceOrientationPortrait UIInterfaceOrientationLandscapeLeft UIInterfaceOrientationLandscapeRight";
				IPHONEOS_DEPLOYMENT_TARGET = 16.1;
				LD_RUNPATH_SEARCH_PATHS = "@executable_path/Frameworks";
				"LD_RUNPATH_SEARCH_PATHS[sdk=macosx*]" = "@executable_path/../Frameworks";
				MACOSX_DEPLOYMENT_TARGET = 12.5;
				MARKETING_VERSION = 1.0;
				PRODUCT_BUNDLE_IDENTIFIER = com.niallbegley.gorb;
				PRODUCT_NAME = "$(TARGET_NAME)";
				SDKROOT = auto;
				SUPPORTED_PLATFORMS = "iphoneos iphonesimulator";
				SUPPORTS_MACCATALYST = NO;
				SUPPORTS_MAC_DESIGNED_FOR_IPHONE_IPAD = NO;
				SWIFT_EMIT_LOC_STRINGS = YES;
				SWIFT_VERSION = 5.0;
				TARGETED_DEVICE_FAMILY = "1,2";
			};
			name = Debug;
		};
		806A5471292294F10028A36E /* Release */ = {
			isa = XCBuildConfiguration;
			buildSettings = {
				ASSETCATALOG_COMPILER_APPICON_NAME = AppIcon;
				ASSETCATALOG_COMPILER_GLOBAL_ACCENT_COLOR_NAME = AccentColor;
				CODE_SIGN_ENTITLEMENTS = gorb/gorb.entitlements;
				CODE_SIGN_STYLE = Automatic;
				CURRENT_PROJECT_VERSION = 1;
				DEVELOPMENT_ASSET_PATHS = "\"gorb/Preview Content\"";
				DEVELOPMENT_TEAM = 83PFD7WM4U;
				ENABLE_HARDENED_RUNTIME = YES;
				ENABLE_PREVIEWS = YES;
				GENERATE_INFOPLIST_FILE = YES;
				"INFOPLIST_KEY_UIApplicationSceneManifest_Generation[sdk=iphoneos*]" = YES;
				"INFOPLIST_KEY_UIApplicationSceneManifest_Generation[sdk=iphonesimulator*]" = YES;
				"INFOPLIST_KEY_UIApplicationSupportsIndirectInputEvents[sdk=iphoneos*]" = YES;
				"INFOPLIST_KEY_UIApplicationSupportsIndirectInputEvents[sdk=iphonesimulator*]" = YES;
				"INFOPLIST_KEY_UILaunchScreen_Generation[sdk=iphoneos*]" = YES;
				"INFOPLIST_KEY_UILaunchScreen_Generation[sdk=iphonesimulator*]" = YES;
				"INFOPLIST_KEY_UIStatusBarStyle[sdk=iphoneos*]" = UIStatusBarStyleDefault;
				"INFOPLIST_KEY_UIStatusBarStyle[sdk=iphonesimulator*]" = UIStatusBarStyleDefault;
				INFOPLIST_KEY_UISupportedInterfaceOrientations_iPad = "UIInterfaceOrientationPortrait UIInterfaceOrientationPortraitUpsideDown UIInterfaceOrientationLandscapeLeft UIInterfaceOrientationLandscapeRight";
				INFOPLIST_KEY_UISupportedInterfaceOrientations_iPhone = "UIInterfaceOrientationPortrait UIInterfaceOrientationLandscapeLeft UIInterfaceOrientationLandscapeRight";
				IPHONEOS_DEPLOYMENT_TARGET = 16.1;
				LD_RUNPATH_SEARCH_PATHS = "@executable_path/Frameworks";
				"LD_RUNPATH_SEARCH_PATHS[sdk=macosx*]" = "@executable_path/../Frameworks";
				MACOSX_DEPLOYMENT_TARGET = 12.5;
				MARKETING_VERSION = 1.0;
				PRODUCT_BUNDLE_IDENTIFIER = com.niallbegley.gorb;
				PRODUCT_NAME = "$(TARGET_NAME)";
				SDKROOT = auto;
				SUPPORTED_PLATFORMS = "iphoneos iphonesimulator";
				SUPPORTS_MACCATALYST = NO;
				SUPPORTS_MAC_DESIGNED_FOR_IPHONE_IPAD = NO;
				SWIFT_EMIT_LOC_STRINGS = YES;
				SWIFT_VERSION = 5.0;
				TARGETED_DEVICE_FAMILY = "1,2";
			};
			name = Release;
		};
		806A5473292294F10028A36E /* Debug */ = {
			isa = XCBuildConfiguration;
			buildSettings = {
				ALWAYS_EMBED_SWIFT_STANDARD_LIBRARIES = YES;
				BUNDLE_LOADER = "$(TEST_HOST)";
				CODE_SIGN_STYLE = Automatic;
				CURRENT_PROJECT_VERSION = 1;
				DEVELOPMENT_TEAM = 83PFD7WM4U;
				GENERATE_INFOPLIST_FILE = YES;
				IPHONEOS_DEPLOYMENT_TARGET = 16.1;
				MACOSX_DEPLOYMENT_TARGET = 12.5;
				MARKETING_VERSION = 1.0;
				PRODUCT_BUNDLE_IDENTIFIER = com.niallbegley.gorbTests;
				PRODUCT_NAME = "$(TARGET_NAME)";
				SDKROOT = auto;
				SUPPORTED_PLATFORMS = "iphoneos iphonesimulator macosx";
				SWIFT_EMIT_LOC_STRINGS = NO;
				SWIFT_VERSION = 5.0;
				TARGETED_DEVICE_FAMILY = "1,2";
				TEST_HOST = "$(BUILT_PRODUCTS_DIR)/gorb.app/$(BUNDLE_EXECUTABLE_FOLDER_PATH)/gorb";
			};
			name = Debug;
		};
		806A5474292294F10028A36E /* Release */ = {
			isa = XCBuildConfiguration;
			buildSettings = {
				ALWAYS_EMBED_SWIFT_STANDARD_LIBRARIES = YES;
				BUNDLE_LOADER = "$(TEST_HOST)";
				CODE_SIGN_STYLE = Automatic;
				CURRENT_PROJECT_VERSION = 1;
				DEVELOPMENT_TEAM = 83PFD7WM4U;
				GENERATE_INFOPLIST_FILE = YES;
				IPHONEOS_DEPLOYMENT_TARGET = 16.1;
				MACOSX_DEPLOYMENT_TARGET = 12.5;
				MARKETING_VERSION = 1.0;
				PRODUCT_BUNDLE_IDENTIFIER = com.niallbegley.gorbTests;
				PRODUCT_NAME = "$(TARGET_NAME)";
				SDKROOT = auto;
				SUPPORTED_PLATFORMS = "iphoneos iphonesimulator macosx";
				SWIFT_EMIT_LOC_STRINGS = NO;
				SWIFT_VERSION = 5.0;
				TARGETED_DEVICE_FAMILY = "1,2";
				TEST_HOST = "$(BUILT_PRODUCTS_DIR)/gorb.app/$(BUNDLE_EXECUTABLE_FOLDER_PATH)/gorb";
			};
			name = Release;
		};
		806A5476292294F10028A36E /* Debug */ = {
			isa = XCBuildConfiguration;
			buildSettings = {
				ALWAYS_EMBED_SWIFT_STANDARD_LIBRARIES = YES;
				CODE_SIGN_STYLE = Automatic;
				CURRENT_PROJECT_VERSION = 1;
				DEVELOPMENT_TEAM = 83PFD7WM4U;
				GENERATE_INFOPLIST_FILE = YES;
				IPHONEOS_DEPLOYMENT_TARGET = 16.1;
				MACOSX_DEPLOYMENT_TARGET = 12.5;
				MARKETING_VERSION = 1.0;
				PRODUCT_BUNDLE_IDENTIFIER = com.niallbegley.gorbUITests;
				PRODUCT_NAME = "$(TARGET_NAME)";
				SDKROOT = auto;
				SUPPORTED_PLATFORMS = "iphoneos iphonesimulator macosx";
				SWIFT_EMIT_LOC_STRINGS = NO;
				SWIFT_VERSION = 5.0;
				TARGETED_DEVICE_FAMILY = "1,2";
				TEST_TARGET_NAME = gorb;
			};
			name = Debug;
		};
		806A5477292294F10028A36E /* Release */ = {
			isa = XCBuildConfiguration;
			buildSettings = {
				ALWAYS_EMBED_SWIFT_STANDARD_LIBRARIES = YES;
				CODE_SIGN_STYLE = Automatic;
				CURRENT_PROJECT_VERSION = 1;
				DEVELOPMENT_TEAM = 83PFD7WM4U;
				GENERATE_INFOPLIST_FILE = YES;
				IPHONEOS_DEPLOYMENT_TARGET = 16.1;
				MACOSX_DEPLOYMENT_TARGET = 12.5;
				MARKETING_VERSION = 1.0;
				PRODUCT_BUNDLE_IDENTIFIER = com.niallbegley.gorbUITests;
				PRODUCT_NAME = "$(TARGET_NAME)";
				SDKROOT = auto;
				SUPPORTED_PLATFORMS = "iphoneos iphonesimulator macosx";
				SWIFT_EMIT_LOC_STRINGS = NO;
				SWIFT_VERSION = 5.0;
				TARGETED_DEVICE_FAMILY = "1,2";
				TEST_TARGET_NAME = gorb;
			};
			name = Release;
		};
/* End XCBuildConfiguration section */

/* Begin XCConfigurationList section */
		806A5440292294F00028A36E /* Build configuration list for PBXProject "gorb" */ = {
			isa = XCConfigurationList;
			buildConfigurations = (
				806A546D292294F10028A36E /* Debug */,
				806A546E292294F10028A36E /* Release */,
			);
			defaultConfigurationIsVisible = 0;
			defaultConfigurationName = Release;
		};
		806A546F292294F10028A36E /* Build configuration list for PBXNativeTarget "gorb" */ = {
			isa = XCConfigurationList;
			buildConfigurations = (
				806A5470292294F10028A36E /* Debug */,
				806A5471292294F10028A36E /* Release */,
			);
			defaultConfigurationIsVisible = 0;
			defaultConfigurationName = Release;
		};
		806A5472292294F10028A36E /* Build configuration list for PBXNativeTarget "gorbTests" */ = {
			isa = XCConfigurationList;
			buildConfigurations = (
				806A5473292294F10028A36E /* Debug */,
				806A5474292294F10028A36E /* Release */,
			);
			defaultConfigurationIsVisible = 0;
			defaultConfigurationName = Release;
		};
		806A5475292294F10028A36E /* Build configuration list for PBXNativeTarget "gorbUITests" */ = {
			isa = XCConfigurationList;
			buildConfigurations = (
				806A5476292294F10028A36E /* Debug */,
				806A5477292294F10028A36E /* Release */,
			);
			defaultConfigurationIsVisible = 0;
			defaultConfigurationName = Release;
		};
/* End XCConfigurationList section */

/* Begin XCRemoteSwiftPackageReference section */
		806A547D29229D240028A36E /* XCRemoteSwiftPackageReference "CocoaLumberjack" */ = {
			isa = XCRemoteSwiftPackageReference;
			repositoryURL = "git@github.com:CocoaLumberjack/CocoaLumberjack.git";
			requirement = {
				kind = upToNextMajorVersion;
				minimumVersion = 3.8.0;
			};
		};
		806A549D2923F0570028A36E /* XCRemoteSwiftPackageReference "youtube-ios-player-helper" */ = {
			isa = XCRemoteSwiftPackageReference;
			repositoryURL = "git@github.com:youtube/youtube-ios-player-helper.git";
			requirement = {
				kind = upToNextMajorVersion;
				minimumVersion = 1.0.0;
			};
		};
/* End XCRemoteSwiftPackageReference section */

/* Begin XCSwiftPackageProductDependency section */
		806A547E29229D240028A36E /* CocoaLumberjack */ = {
			isa = XCSwiftPackageProductDependency;
			package = 806A547D29229D240028A36E /* XCRemoteSwiftPackageReference "CocoaLumberjack" */;
			productName = CocoaLumberjack;
		};
		806A548029229D240028A36E /* CocoaLumberjackSwift */ = {
			isa = XCSwiftPackageProductDependency;
			package = 806A547D29229D240028A36E /* XCRemoteSwiftPackageReference "CocoaLumberjack" */;
			productName = CocoaLumberjackSwift;
		};
		806A548229229D240028A36E /* CocoaLumberjackSwiftLogBackend */ = {
			isa = XCSwiftPackageProductDependency;
			package = 806A547D29229D240028A36E /* XCRemoteSwiftPackageReference "CocoaLumberjack" */;
			productName = CocoaLumberjackSwiftLogBackend;
		};
		806A549E2923F0570028A36E /* YouTubeiOSPlayerHelper */ = {
			isa = XCSwiftPackageProductDependency;
			package = 806A549D2923F0570028A36E /* XCRemoteSwiftPackageReference "youtube-ios-player-helper" */;
			productName = YouTubeiOSPlayerHelper;
		};
/* End XCSwiftPackageProductDependency section */

/* Begin XCVersionGroup section */
		806A544C292294F00028A36E /* gorb.xcdatamodeld */ = {
			isa = XCVersionGroup;
			children = (
				806A544D292294F00028A36E /* gorb.xcdatamodel */,
			);
			currentVersion = 806A544D292294F00028A36E /* gorb.xcdatamodel */;
			path = gorb.xcdatamodeld;
			sourceTree = "<group>";
			versionGroupType = wrapper.xcdatamodel;
		};
/* End XCVersionGroup section */
	};
	rootObject = 806A543D292294F00028A36E /* Project object */;
}
